
Microsoft Visual Studio Solution File, Format Version 12.00
# Visual Studio Version 16
VisualStudioVersion = 16.0.28803.452
MinimumVisualStudioVersion = 10.0.40219.1
Project("{FAE04EC0-301F-11D3-BF4B-00C04F79EFBC}") = "HTPCRemote", "HTPCRemote\HTPCRemote.csproj", "{B9E44033-829B-43E3-B5DB-A534F18B1BFB}"
EndProject
Global
	GlobalSection(SolutionConfigurationPlatforms) = preSolution
		Debug|Any CPU = Debug|Any CPU
		Release|Any CPU = Release|Any CPU
	EndGlobalSection
	GlobalSection(ProjectConfigurationPlatforms) = postSolution
		{B9E44033-829B-43E3-B5DB-A534F18B1BFB}.Debug|Any CPU.ActiveCfg = Debug|Any CPU
		{B9E44033-829B-43E3-B5DB-A534F18B1BFB}.Debug|Any CPU.Build.0 = Debug|Any CPU
		{B9E44033-829B-43E3-B5DB-A534F18B1BFB}.Release|Any CPU.ActiveCfg = Release|Any CPU
		{B9E44033-829B-43E3-B5DB-A534F18B1BFB}.Release|Any CPU.Build.0 = Release|Any CPU
	EndGlobalSection
	GlobalSection(SolutionProperties) = preSolution
		HideSolutionNode = FALSE
	EndGlobalSection
	GlobalSection(ExtensibilityGlobals) = postSolution
		SolutionGuid = {75D1A753-5647-4B40-98EB-6B5A33747C35}
	EndGlobalSection
EndGlobal
